{
  "originHash" : "618409599862ba2ee0aa0dbb9db7ef2aea3d7681953d68bbeaa9a4a4c84cba0d",
  "pins" : [
    {
      "identity" : "fluidaudio",
      "kind" : "remoteSourceControl",
      "location" : "https://github.com/FluidInference/FluidAudio.git",
      "state" : {
        "revision" : "21493f8dac5a97e65742e6ff26f42f164c2fda0f",
        "version" : "0.17.4"
      }
    }
  ],
  "version" : 3
}
